
Microsoft Visual Studio Solution File, Format Version 11.00
# Visual Studio 2010
Project("{FAE04EC0-301F-11D3-BF4B-00C04F79EFBC}") = "ImmortalDriverTests", "ImmortalDriverTests\ImmortalDriverTests.csproj", "{9F23930D-1136-4309-9E89-5BE5A268BAE2}"
	ProjectSection(ProjectDependencies) = postProject
		{C4AFB87F-74BF-45B5-B7C0-D9EFEF00D1EB} = {C4AFB87F-74BF-45B5-B7C0-D9EFEF00D1EB}
	EndProjectSection
EndProject
Project("{FAE04EC0-301F-11D3-BF4B-00C04F79EFBC}") = "ImmortalTestingSite", "ImmortalTestingSite\ImmortalTestingSite.csproj", "{C4AFB87F-74BF-45B5-B7C0-D9EFEF00D1EB}"
EndProject
Global
	GlobalSection(SolutionConfigurationPlatforms) = preSolution
		Debug|Any CPU = Debug|Any CPU
		Release|Any CPU = Release|Any CPU
	EndGlobalSection
	GlobalSection(ProjectConfigurationPlatforms) = postSolution
		{9F23930D-1136-4309-9E89-5BE5A268BAE2}.Debug|Any CPU.ActiveCfg = Debug|Any CPU
		{9F23930D-1136-4309-9E89-5BE5A268BAE2}.Debug|Any CPU.Build.0 = Debug|Any CPU
		{9F23930D-1136-4309-9E89-5BE5A268BAE2}.Release|Any CPU.ActiveCfg = Release|Any CPU
		{9F23930D-1136-4309-9E89-5BE5A268BAE2}.Release|Any CPU.Build.0 = Release|Any CPU
		{C4AFB87F-74BF-45B5-B7C0-D9EFEF00D1EB}.Debug|Any CPU.ActiveCfg = Debug|Any CPU
		{C4AFB87F-74BF-45B5-B7C0-D9EFEF00D1EB}.Debug|Any CPU.Build.0 = Debug|Any CPU
		{C4AFB87F-74BF-45B5-B7C0-D9EFEF00D1EB}.Release|Any CPU.ActiveCfg = Release|Any CPU
		{C4AFB87F-74BF-45B5-B7C0-D9EFEF00D1EB}.Release|Any CPU.Build.0 = Release|Any CPU
	EndGlobalSection
	GlobalSection(SolutionProperties) = preSolution
		HideSolutionNode = FALSE
	EndGlobalSection
EndGlobal
